hash: 4084762a3ce00d795a250c826f9206fc58b04867a5b8d78db6e866844c3d470e
updated: 2020-09-02T00:30:26.846607+08:00
imports: []
testImports:
- name: github.com/davecgh/go-spew
  version: d8f796af33cc11cb798c1aaeb27a4ebc5099927d
  subpackages:
  - spew
- name: github.com/pmezard/go-difflib
  version: 5d4384ee4fb2527b0a1256a821ebfc92f91efefc
  subpackages:
  - difflib
- name: github.com/stretchr/testify
  version: f654a9112bbeac49ca2cd45bfbe11533c4666cf8
  subpackages:
  - assert
- name: gopkg.in/yaml.v3
  version: eeeca48fe7764f320e4870d231902bf9c1be2c08
